{
  "name": "samsarix-agent-readiness-registry",
  "version": "1.3.0-rc.2",
  "lockfileVersion": 3,
  "requires": true,
  "packages": {
    "": {
      "name": "samsarix-agent-readiness-registry",
      "version": "1.3.0-rc.2",
      "license": "BUSL-1.1",
      "bin": {
        "samsarix-registry": "bin/samsarix-registry.mjs"
      },
      "engines": {
        "node": ">=22"
      }
    }
  }
}
